
Microsoft Visual Studio Solution File, Format Version 10.00
# Visual Studio 2008
Project("{FAE04EC0-301F-11D3-BF4B-00C04F79EFBC}") = "Core", "Core\Core.csproj", "{CB88158F-6CF7-4BF0-ADDF-5C253C95B749}"
EndProject
Project("{FAE04EC0-301F-11D3-BF4B-00C04F79EFBC}") = "Content", "Content\Content.csproj", "{A08C6BFB-CE55-4432-8560-7B3341365A6A}"
EndProject
Project("{FAE04EC0-301F-11D3-BF4B-00C04F79EFBC}") = "Localization", "Localization\Localization.csproj", "{E1A3F418-E830-4DE0-9E97-E1AF6EB9BA6F}"
EndProject
Project("{FAE04EC0-301F-11D3-BF4B-00C04F79EFBC}") = "Store", "Store\Store.csproj", "{FEC09476-24CD-4A8B-8D1A-FFEF7ADA1650}"
EndProject
Project("{FAE04EC0-301F-11D3-BF4B-00C04F79EFBC}") = "Web", "Web\Web.csproj", "{1A07F4A0-010B-4EAE-8019-90173FBF8AC5}"
EndProject
Project("{2150E333-8FDC-42A3-9474-1A3956D46DE8}") = "Dependencies", "Dependencies", "{AAB1D5B0-BB22-4602-9D6C-A4428A4647C4}"
	ProjectSection(SolutionItems) = preProject
		Dependencies\AjaxControlToolkit.dll = Dependencies\AjaxControlToolkit.dll
		Dependencies\AlpineSoft.EZRSA.dll = Dependencies\AlpineSoft.EZRSA.dll
		Dependencies\FredCK.FCKeditorV2.dll = Dependencies\FredCK.FCKeditorV2.dll
		Dependencies\Intelligencia.UrlRewriter.dll = Dependencies\Intelligencia.UrlRewriter.dll
		Dependencies\log4net.dll = Dependencies\log4net.dll
		Dependencies\SubSonic.dll = Dependencies\SubSonic.dll
	EndProjectSection
EndProject
Project("{2150E333-8FDC-42A3-9474-1A3956D46DE8}") = "Documents", "Documents", "{B8492BF2-0B43-47FE-989F-8E06CB801ACE}"
	ProjectSection(SolutionItems) = preProject
		3.2 ChangeList.docx = 3.2 ChangeList.docx
		HowToDeployToDemoSite.txt = HowToDeployToDemoSite.txt
		HowToRelease.txt = HowToRelease.txt
		Web\license.txt = Web\license.txt
		linux_todo.txt = linux_todo.txt
		oldcode.txt = oldcode.txt
		ProgrammersReadMe.txt = ProgrammersReadMe.txt
		ReadMe.txt = ReadMe.txt
		test_paypal_info.txt = test_paypal_info.txt
		todo.txt = todo.txt
		todo.xlsx = todo.xlsx
	EndProjectSection
EndProject
Project("{2150E333-8FDC-42A3-9474-1A3956D46DE8}") = "Solution", "Solution", "{7C13639F-46C1-4E9E-86D8-9D5A2CAD5787}"
	ProjectSection(SolutionItems) = preProject
		AssemblyVersionInfo.cs = AssemblyVersionInfo.cs
		SolutionInfo.cs = SolutionInfo.cs
	EndProjectSection
EndProject
Project("{FAE04EC0-301F-11D3-BF4B-00C04F79EFBC}") = "Controls", "Controls\Controls.csproj", "{78B0F950-2D9C-414F-8241-4C70DD898C46}"
EndProject
Project("{2150E333-8FDC-42A3-9474-1A3956D46DE8}") = "Build", "Build", "{1EC96E35-AE90-49B0-853F-B0A3166B29E2}"
	ProjectSection(SolutionItems) = preProject
		CleanBuild3.5.bat = CleanBuild3.5.bat
	EndProjectSection
EndProject
Project("{2150E333-8FDC-42A3-9474-1A3956D46DE8}") = "Web Deployment", "Web Deployment", "{425A81A5-823C-4F17-9C51-50F3B049F17E}"
	ProjectSection(SolutionItems) = preProject
		install.sql = install.sql
		Manifest.xml = Manifest.xml
		Parameters.xml = Parameters.xml
		testWebDeploymentToolScript.txt = testWebDeploymentToolScript.txt
	EndProjectSection
EndProject
Global
	GlobalSection(SubversionScc) = preSolution
		Svn-Managed = True
		Manager = AnkhSVN - Subversion Support for Visual Studio
	EndGlobalSection
	GlobalSection(SolutionConfigurationPlatforms) = preSolution
		Debug|Any CPU = Debug|Any CPU
		Release|Any CPU = Release|Any CPU
		Test|Any CPU = Test|Any CPU
	EndGlobalSection
	GlobalSection(ProjectConfigurationPlatforms) = postSolution
		{CB88158F-6CF7-4BF0-ADDF-5C253C95B749}.Debug|Any CPU.ActiveCfg = Debug|Any CPU
		{CB88158F-6CF7-4BF0-ADDF-5C253C95B749}.Debug|Any CPU.Build.0 = Debug|Any CPU
		{CB88158F-6CF7-4BF0-ADDF-5C253C95B749}.Release|Any CPU.ActiveCfg = Release|Any CPU
		{CB88158F-6CF7-4BF0-ADDF-5C253C95B749}.Release|Any CPU.Build.0 = Release|Any CPU
		{CB88158F-6CF7-4BF0-ADDF-5C253C95B749}.Test|Any CPU.ActiveCfg = Test|Any CPU
		{CB88158F-6CF7-4BF0-ADDF-5C253C95B749}.Test|Any CPU.Build.0 = Test|Any CPU
		{A08C6BFB-CE55-4432-8560-7B3341365A6A}.Debug|Any CPU.ActiveCfg = Debug|Any CPU
		{A08C6BFB-CE55-4432-8560-7B3341365A6A}.Debug|Any CPU.Build.0 = Debug|Any CPU
		{A08C6BFB-CE55-4432-8560-7B3341365A6A}.Release|Any CPU.ActiveCfg = Release|Any CPU
		{A08C6BFB-CE55-4432-8560-7B3341365A6A}.Release|Any CPU.Build.0 = Release|Any CPU
		{A08C6BFB-CE55-4432-8560-7B3341365A6A}.Test|Any CPU.ActiveCfg = Test|Any CPU
		{A08C6BFB-CE55-4432-8560-7B3341365A6A}.Test|Any CPU.Build.0 = Test|Any CPU
		{E1A3F418-E830-4DE0-9E97-E1AF6EB9BA6F}.Debug|Any CPU.ActiveCfg = Debug|Any CPU
		{E1A3F418-E830-4DE0-9E97-E1AF6EB9BA6F}.Debug|Any CPU.Build.0 = Debug|Any CPU
		{E1A3F418-E830-4DE0-9E97-E1AF6EB9BA6F}.Release|Any CPU.ActiveCfg = Release|Any CPU
		{E1A3F418-E830-4DE0-9E97-E1AF6EB9BA6F}.Release|Any CPU.Build.0 = Release|Any CPU
		{E1A3F418-E830-4DE0-9E97-E1AF6EB9BA6F}.Test|Any CPU.ActiveCfg = Test|Any CPU
		{E1A3F418-E830-4DE0-9E97-E1AF6EB9BA6F}.Test|Any CPU.Build.0 = Test|Any CPU
		{FEC09476-24CD-4A8B-8D1A-FFEF7ADA1650}.Debug|Any CPU.ActiveCfg = Debug|Any CPU
		{FEC09476-24CD-4A8B-8D1A-FFEF7ADA1650}.Debug|Any CPU.Build.0 = Debug|Any CPU
		{FEC09476-24CD-4A8B-8D1A-FFEF7ADA1650}.Release|Any CPU.ActiveCfg = Release|Any CPU
		{FEC09476-24CD-4A8B-8D1A-FFEF7ADA1650}.Release|Any CPU.Build.0 = Release|Any CPU
		{FEC09476-24CD-4A8B-8D1A-FFEF7ADA1650}.Test|Any CPU.ActiveCfg = Test|Any CPU
		{FEC09476-24CD-4A8B-8D1A-FFEF7ADA1650}.Test|Any CPU.Build.0 = Test|Any CPU
		{1A07F4A0-010B-4EAE-8019-90173FBF8AC5}.Debug|Any CPU.ActiveCfg = Debug|Any CPU
		{1A07F4A0-010B-4EAE-8019-90173FBF8AC5}.Debug|Any CPU.Build.0 = Debug|Any CPU
		{1A07F4A0-010B-4EAE-8019-90173FBF8AC5}.Release|Any CPU.ActiveCfg = Release|Any CPU
		{1A07F4A0-010B-4EAE-8019-90173FBF8AC5}.Release|Any CPU.Build.0 = Release|Any CPU
		{1A07F4A0-010B-4EAE-8019-90173FBF8AC5}.Test|Any CPU.ActiveCfg = Test|Any CPU
		{1A07F4A0-010B-4EAE-8019-90173FBF8AC5}.Test|Any CPU.Build.0 = Test|Any CPU
		{78B0F950-2D9C-414F-8241-4C70DD898C46}.Debug|Any CPU.ActiveCfg = Debug|Any CPU
		{78B0F950-2D9C-414F-8241-4C70DD898C46}.Debug|Any CPU.Build.0 = Debug|Any CPU
		{78B0F950-2D9C-414F-8241-4C70DD898C46}.Release|Any CPU.ActiveCfg = Release|Any CPU
		{78B0F950-2D9C-414F-8241-4C70DD898C46}.Release|Any CPU.Build.0 = Release|Any CPU
		{78B0F950-2D9C-414F-8241-4C70DD898C46}.Test|Any CPU.ActiveCfg = Release|Any CPU
		{78B0F950-2D9C-414F-8241-4C70DD898C46}.Test|Any CPU.Build.0 = Release|Any CPU
	EndGlobalSection
	GlobalSection(SolutionProperties) = preSolution
		HideSolutionNode = FALSE
	EndGlobalSection
EndGlobal
