
Microsoft Visual Studio Solution File, Format Version 12.00
# Visual Studio Express 2012 for Web
Project("{FAE04EC0-301F-11D3-BF4B-00C04F79EFBC}") = "dashCommerce.Core", "Core\dashCommerce.Core.csproj", "{CB88158F-6CF7-4BF0-ADDF-5C253C95B749}"
EndProject
Project("{FAE04EC0-301F-11D3-BF4B-00C04F79EFBC}") = "Localization", "Localization\Localization.csproj", "{E1A3F418-E830-4DE0-9E97-E1AF6EB9BA6F}"
EndProject
Project("{FAE04EC0-301F-11D3-BF4B-00C04F79EFBC}") = "Controls", "Controls\Controls.csproj", "{78B0F950-2D9C-414F-8241-4C70DD898C46}"
EndProject
Project("{FAE04EC0-301F-11D3-BF4B-00C04F79EFBC}") = "Content", "Content\Content.csproj", "{A08C6BFB-CE55-4432-8560-7B3341365A6A}"
EndProject
Project("{FAE04EC0-301F-11D3-BF4B-00C04F79EFBC}") = "Store", "Store\Store.csproj", "{FEC09476-24CD-4A8B-8D1A-FFEF7ADA1650}"
EndProject
Project("{FAE04EC0-301F-11D3-BF4B-00C04F79EFBC}") = "Web", "Web\Web.csproj", "{1A07F4A0-010B-4EAE-8019-90173FBF8AC5}"
EndProject
Project("{FAE04EC0-301F-11D3-BF4B-00C04F79EFBC}") = "dashCommerce.Core.Test", "Core.Test\dashCommerce.Core.Test.csproj", "{F314499B-FF64-4AE3-A412-C932DD25FD7F}"
EndProject
Project("{FAE04EC0-301F-11D3-BF4B-00C04F79EFBC}") = "DataServer", "DataServer\DataServer.csproj", "{47913248-A01D-4039-A517-CE8F47D8A37E}"
EndProject
Project("{FAE04EC0-301F-11D3-BF4B-00C04F79EFBC}") = "DataServer.Test", "DataServer.Test\DataServer.Test.csproj", "{3ED67A20-90B4-4834-8595-735984417041}"
EndProject
Project("{FAE04EC0-301F-11D3-BF4B-00C04F79EFBC}") = "Framework.Core", "Framework.Core\Framework.Core.csproj", "{0AA70D8D-D097-4740-BFF2-761F7C94844F}"
EndProject
Project("{FAE04EC0-301F-11D3-BF4B-00C04F79EFBC}") = "MultiTenant.Core", "MultiTenant.Core\MultiTenant.Core.csproj", "{01458008-BEB9-492B-8C98-5B6C86C93778}"
EndProject
Global
	GlobalSection(SolutionConfigurationPlatforms) = preSolution
		Debug|Any CPU = Debug|Any CPU
		Release|Any CPU = Release|Any CPU
		Test|Any CPU = Test|Any CPU
	EndGlobalSection
	GlobalSection(ProjectConfigurationPlatforms) = postSolution
		{01458008-BEB9-492B-8C98-5B6C86C93778}.Debug|Any CPU.ActiveCfg = Debug|Any CPU
		{01458008-BEB9-492B-8C98-5B6C86C93778}.Debug|Any CPU.Build.0 = Debug|Any CPU
		{01458008-BEB9-492B-8C98-5B6C86C93778}.Release|Any CPU.ActiveCfg = Release|Any CPU
		{01458008-BEB9-492B-8C98-5B6C86C93778}.Release|Any CPU.Build.0 = Release|Any CPU
		{01458008-BEB9-492B-8C98-5B6C86C93778}.Test|Any CPU.ActiveCfg = Release|Any CPU
		{01458008-BEB9-492B-8C98-5B6C86C93778}.Test|Any CPU.Build.0 = Release|Any CPU
		{0AA70D8D-D097-4740-BFF2-761F7C94844F}.Debug|Any CPU.ActiveCfg = Debug|Any CPU
		{0AA70D8D-D097-4740-BFF2-761F7C94844F}.Debug|Any CPU.Build.0 = Debug|Any CPU
		{0AA70D8D-D097-4740-BFF2-761F7C94844F}.Release|Any CPU.ActiveCfg = Release|Any CPU
		{0AA70D8D-D097-4740-BFF2-761F7C94844F}.Release|Any CPU.Build.0 = Release|Any CPU
		{0AA70D8D-D097-4740-BFF2-761F7C94844F}.Test|Any CPU.ActiveCfg = Release|Any CPU
		{0AA70D8D-D097-4740-BFF2-761F7C94844F}.Test|Any CPU.Build.0 = Release|Any CPU
		{1A07F4A0-010B-4EAE-8019-90173FBF8AC5}.Debug|Any CPU.ActiveCfg = Debug|Any CPU
		{1A07F4A0-010B-4EAE-8019-90173FBF8AC5}.Debug|Any CPU.Build.0 = Debug|Any CPU
		{1A07F4A0-010B-4EAE-8019-90173FBF8AC5}.Release|Any CPU.ActiveCfg = Release|Any CPU
		{1A07F4A0-010B-4EAE-8019-90173FBF8AC5}.Release|Any CPU.Build.0 = Release|Any CPU
		{1A07F4A0-010B-4EAE-8019-90173FBF8AC5}.Test|Any CPU.ActiveCfg = Test|Any CPU
		{1A07F4A0-010B-4EAE-8019-90173FBF8AC5}.Test|Any CPU.Build.0 = Test|Any CPU
		{3ED67A20-90B4-4834-8595-735984417041}.Debug|Any CPU.ActiveCfg = Debug|Any CPU
		{3ED67A20-90B4-4834-8595-735984417041}.Debug|Any CPU.Build.0 = Debug|Any CPU
		{3ED67A20-90B4-4834-8595-735984417041}.Release|Any CPU.ActiveCfg = Release|Any CPU
		{3ED67A20-90B4-4834-8595-735984417041}.Release|Any CPU.Build.0 = Release|Any CPU
		{3ED67A20-90B4-4834-8595-735984417041}.Test|Any CPU.ActiveCfg = Release|Any CPU
		{3ED67A20-90B4-4834-8595-735984417041}.Test|Any CPU.Build.0 = Release|Any CPU
		{47913248-A01D-4039-A517-CE8F47D8A37E}.Debug|Any CPU.ActiveCfg = Debug|Any CPU
		{47913248-A01D-4039-A517-CE8F47D8A37E}.Debug|Any CPU.Build.0 = Debug|Any CPU
		{47913248-A01D-4039-A517-CE8F47D8A37E}.Release|Any CPU.ActiveCfg = Release|Any CPU
		{47913248-A01D-4039-A517-CE8F47D8A37E}.Release|Any CPU.Build.0 = Release|Any CPU
		{47913248-A01D-4039-A517-CE8F47D8A37E}.Test|Any CPU.ActiveCfg = Release|Any CPU
		{47913248-A01D-4039-A517-CE8F47D8A37E}.Test|Any CPU.Build.0 = Release|Any CPU
		{78B0F950-2D9C-414F-8241-4C70DD898C46}.Debug|Any CPU.ActiveCfg = Debug|Any CPU
		{78B0F950-2D9C-414F-8241-4C70DD898C46}.Debug|Any CPU.Build.0 = Debug|Any CPU
		{78B0F950-2D9C-414F-8241-4C70DD898C46}.Release|Any CPU.ActiveCfg = Release|Any CPU
		{78B0F950-2D9C-414F-8241-4C70DD898C46}.Release|Any CPU.Build.0 = Release|Any CPU
		{78B0F950-2D9C-414F-8241-4C70DD898C46}.Test|Any CPU.ActiveCfg = Release|Any CPU
		{78B0F950-2D9C-414F-8241-4C70DD898C46}.Test|Any CPU.Build.0 = Release|Any CPU
		{A08C6BFB-CE55-4432-8560-7B3341365A6A}.Debug|Any CPU.ActiveCfg = Debug|Any CPU
		{A08C6BFB-CE55-4432-8560-7B3341365A6A}.Debug|Any CPU.Build.0 = Debug|Any CPU
		{A08C6BFB-CE55-4432-8560-7B3341365A6A}.Release|Any CPU.ActiveCfg = Release|Any CPU
		{A08C6BFB-CE55-4432-8560-7B3341365A6A}.Release|Any CPU.Build.0 = Release|Any CPU
		{A08C6BFB-CE55-4432-8560-7B3341365A6A}.Test|Any CPU.ActiveCfg = Test|Any CPU
		{A08C6BFB-CE55-4432-8560-7B3341365A6A}.Test|Any CPU.Build.0 = Test|Any CPU
		{CB88158F-6CF7-4BF0-ADDF-5C253C95B749}.Debug|Any CPU.ActiveCfg = Debug|Any CPU
		{CB88158F-6CF7-4BF0-ADDF-5C253C95B749}.Debug|Any CPU.Build.0 = Debug|Any CPU
		{CB88158F-6CF7-4BF0-ADDF-5C253C95B749}.Release|Any CPU.ActiveCfg = Release|Any CPU
		{CB88158F-6CF7-4BF0-ADDF-5C253C95B749}.Release|Any CPU.Build.0 = Release|Any CPU
		{CB88158F-6CF7-4BF0-ADDF-5C253C95B749}.Test|Any CPU.ActiveCfg = Test|Any CPU
		{CB88158F-6CF7-4BF0-ADDF-5C253C95B749}.Test|Any CPU.Build.0 = Test|Any CPU
		{E1A3F418-E830-4DE0-9E97-E1AF6EB9BA6F}.Debug|Any CPU.ActiveCfg = Debug|Any CPU
		{E1A3F418-E830-4DE0-9E97-E1AF6EB9BA6F}.Debug|Any CPU.Build.0 = Debug|Any CPU
		{E1A3F418-E830-4DE0-9E97-E1AF6EB9BA6F}.Release|Any CPU.ActiveCfg = Release|Any CPU
		{E1A3F418-E830-4DE0-9E97-E1AF6EB9BA6F}.Release|Any CPU.Build.0 = Release|Any CPU
		{E1A3F418-E830-4DE0-9E97-E1AF6EB9BA6F}.Test|Any CPU.ActiveCfg = Test|Any CPU
		{E1A3F418-E830-4DE0-9E97-E1AF6EB9BA6F}.Test|Any CPU.Build.0 = Test|Any CPU
		{F314499B-FF64-4AE3-A412-C932DD25FD7F}.Debug|Any CPU.ActiveCfg = Debug|Any CPU
		{F314499B-FF64-4AE3-A412-C932DD25FD7F}.Debug|Any CPU.Build.0 = Debug|Any CPU
		{F314499B-FF64-4AE3-A412-C932DD25FD7F}.Release|Any CPU.ActiveCfg = Release|Any CPU
		{F314499B-FF64-4AE3-A412-C932DD25FD7F}.Release|Any CPU.Build.0 = Release|Any CPU
		{F314499B-FF64-4AE3-A412-C932DD25FD7F}.Test|Any CPU.ActiveCfg = Release|Any CPU
		{F314499B-FF64-4AE3-A412-C932DD25FD7F}.Test|Any CPU.Build.0 = Release|Any CPU
		{FEC09476-24CD-4A8B-8D1A-FFEF7ADA1650}.Debug|Any CPU.ActiveCfg = Debug|Any CPU
		{FEC09476-24CD-4A8B-8D1A-FFEF7ADA1650}.Debug|Any CPU.Build.0 = Debug|Any CPU
		{FEC09476-24CD-4A8B-8D1A-FFEF7ADA1650}.Release|Any CPU.ActiveCfg = Release|Any CPU
		{FEC09476-24CD-4A8B-8D1A-FFEF7ADA1650}.Release|Any CPU.Build.0 = Release|Any CPU
		{FEC09476-24CD-4A8B-8D1A-FFEF7ADA1650}.Test|Any CPU.ActiveCfg = Test|Any CPU
		{FEC09476-24CD-4A8B-8D1A-FFEF7ADA1650}.Test|Any CPU.Build.0 = Test|Any CPU
	EndGlobalSection
	GlobalSection(SolutionProperties) = preSolution
		HideSolutionNode = FALSE
	EndGlobalSection
EndGlobal
